
Microsoft Visual Studio Solution File, Format Version 12.00
# Visual Studio Version 17
VisualStudioVersion = 17.5.33424.131
MinimumVisualStudioVersion = 10.0.40219.1
Project("{9A19103F-16F7-4668-BE54-9A1E7A4F7556}") = "libermanyankt-42-20", "libermanyankt-42-20\libermanyankt-42-20.csproj", "{2FB4F314-B24D-4FCF-8F15-E5F1245433B7}"
EndProject
Project("{FAE04EC0-301F-11D3-BF4B-00C04F79EFBC}") = "liberman-yan.Test", "liberman-yan.Test\liberman-yan.Test.csproj", "{04F881B2-D2C2-49C5-B0C7-C1A65891EC09}"
EndProject
Global
	GlobalSection(SolutionConfigurationPlatforms) = preSolution
		Debug|Any CPU = Debug|Any CPU
		Release|Any CPU = Release|Any CPU
	EndGlobalSection
	GlobalSection(ProjectConfigurationPlatforms) = postSolution
		{2FB4F314-B24D-4FCF-8F15-E5F1245433B7}.Debug|Any CPU.ActiveCfg = Debug|Any CPU
		{2FB4F314-B24D-4FCF-8F15-E5F1245433B7}.Debug|Any CPU.Build.0 = Debug|Any CPU
		{2FB4F314-B24D-4FCF-8F15-E5F1245433B7}.Release|Any CPU.ActiveCfg = Release|Any CPU
		{2FB4F314-B24D-4FCF-8F15-E5F1245433B7}.Release|Any CPU.Build.0 = Release|Any CPU
		{04F881B2-D2C2-49C5-B0C7-C1A65891EC09}.Debug|Any CPU.ActiveCfg = Debug|Any CPU
		{04F881B2-D2C2-49C5-B0C7-C1A65891EC09}.Debug|Any CPU.Build.0 = Debug|Any CPU
		{04F881B2-D2C2-49C5-B0C7-C1A65891EC09}.Release|Any CPU.ActiveCfg = Release|Any CPU
		{04F881B2-D2C2-49C5-B0C7-C1A65891EC09}.Release|Any CPU.Build.0 = Release|Any CPU
	EndGlobalSection
	GlobalSection(SolutionProperties) = preSolution
		HideSolutionNode = FALSE
	EndGlobalSection
	GlobalSection(ExtensibilityGlobals) = postSolution
		SolutionGuid = {B48BA297-BFE6-4BBE-9566-AA2173176DD8}
	EndGlobalSection
EndGlobal
